
Microsoft Visual Studio Solution File, Format Version 12.00
# Visual Studio 15
VisualStudioVersion = 15.0.27703.2035
MinimumVisualStudioVersion = 10.0.40219.1
Project("{FAE04EC0-301F-11D3-BF4B-00C04F79EFBC}") = "ratclient", "ratclient\ratclient.csproj", "{CFFEF095-EF0A-4C4D-B050-B8C09C457E74}"
EndProject
Project("{FAE04EC0-301F-11D3-BF4B-00C04F79EFBC}") = "ratserver", "ratserver\ratserver.csproj", "{1D259713-3523-48B6-A9F7-70C9094BE375}"
EndProject
Global
	GlobalSection(SolutionConfigurationPlatforms) = preSolution
		Debug|Any CPU = Debug|Any CPU
		Release|Any CPU = Release|Any CPU
	EndGlobalSection
	GlobalSection(ProjectConfigurationPlatforms) = postSolution
		{CFFEF095-EF0A-4C4D-B050-B8C09C457E74}.Debug|Any CPU.ActiveCfg = Debug|Any CPU
		{CFFEF095-EF0A-4C4D-B050-B8C09C457E74}.Debug|Any CPU.Build.0 = Debug|Any CPU
		{CFFEF095-EF0A-4C4D-B050-B8C09C457E74}.Release|Any CPU.ActiveCfg = Release|Any CPU
		{CFFEF095-EF0A-4C4D-B050-B8C09C457E74}.Release|Any CPU.Build.0 = Release|Any CPU
		{1D259713-3523-48B6-A9F7-70C9094BE375}.Debug|Any CPU.ActiveCfg = Debug|Any CPU
		{1D259713-3523-48B6-A9F7-70C9094BE375}.Debug|Any CPU.Build.0 = Debug|Any CPU
		{1D259713-3523-48B6-A9F7-70C9094BE375}.Release|Any CPU.ActiveCfg = Release|Any CPU
		{1D259713-3523-48B6-A9F7-70C9094BE375}.Release|Any CPU.Build.0 = Release|Any CPU
	EndGlobalSection
	GlobalSection(SolutionProperties) = preSolution
		HideSolutionNode = FALSE
	EndGlobalSection
	GlobalSection(ExtensibilityGlobals) = postSolution
		SolutionGuid = {CDE514FB-0B63-46D6-98D7-B2B619518364}
	EndGlobalSection
EndGlobal
